// !$*UTF8*$!
{
	archiveVersion = 1;
	classes = {
	};
	objectVersion = 51;
	objects = {

/* Begin PBXBuildFile section */
		6EDB1F2060953B7E17BF09A3 /* Pods_flix_flixUITests.framework in Frameworks */ = {isa = PBXBuildFile; fileRef = 60C68B570B7F050308D2BB1D /* Pods_flix_flixUITests.framework */; };
		92115802FF020C7BDFEDC371 /* Pods_flix.framework in Frameworks */ = {isa = PBXBuildFile; fileRef = 765624FEE1B8383DD6C753AE /* Pods_flix.framework */; };
		92E1C570128C2A512CE1B255 /* Pods_flixTests.framework in Frameworks */ = {isa = PBXBuildFile; fileRef = AE6DA36E3C899474B706EF5B /* Pods_flixTests.framework */; };
		CA8AC88D2447F1B400868F8C /* AppDelegate.swift in Sources */ = {isa = PBXBuildFile; fileRef = CA8AC88C2447F1B400868F8C /* AppDelegate.swift */; };
		CA8AC88F2447F1B400868F8C /* SceneDelegate.swift in Sources */ = {isa = PBXBuildFile; fileRef = CA8AC88E2447F1B400868F8C /* SceneDelegate.swift */; };
		CA8AC8942447F1B400868F8C /* Main.storyboard in Resources */ = {isa = PBXBuildFile; fileRef = CA8AC8922447F1B400868F8C /* Main.storyboard */; };
		CA8AC8962447F1BB00868F8C /* Assets.xcassets in Resources */ = {isa = PBXBuildFile; fileRef = CA8AC8952447F1BB00868F8C /* Assets.xcassets */; };
		CA8AC8992447F1BB00868F8C /* LaunchScreen.storyboard in Resources */ = {isa = PBXBuildFile; fileRef = CA8AC8972447F1BB00868F8C /* LaunchScreen.storyboard */; };
		CA8AC8A42447F1BC00868F8C /* flixTests.swift in Sources */ = {isa = PBXBuildFile; fileRef = CA8AC8A32447F1BC00868F8C /* flixTests.swift */; };
		CA8AC8AF2447F1BD00868F8C /* flixUITests.swift in Sources */ = {isa = PBXBuildFile; fileRef = CA8AC8AE2447F1BD00868F8C /* flixUITests.swift */; };
		CA8AC8BD2447F6DC00868F8C /* MoviesViewController.swift in Sources */ = {isa = PBXBuildFile; fileRef = CA8AC8BC2447F6DC00868F8C /* MoviesViewController.swift */; };
		CA8AC8C124480C3A00868F8C /* MovieCell.swift in Sources */ = {isa = PBXBuildFile; fileRef = CA8AC8C024480C3A00868F8C /* MovieCell.swift */; };
		CADE6128244E802F005BECED /* MovieDetailsViewController.swift in Sources */ = {isa = PBXBuildFile; fileRef = CADE6127244E802F005BECED /* MovieDetailsViewController.swift */; };
		CADE612A244E9468005BECED /* MovieGridViewController.swift in Sources */ = {isa = PBXBuildFile; fileRef = CADE6129244E9468005BECED /* MovieGridViewController.swift */; };
/* End PBXBuildFile section */

/* Begin PBXContainerItemProxy section */
		CA8AC8A02447F1BC00868F8C /* PBXContainerItemProxy */ = {
			isa = PBXContainerItemProxy;
			containerPortal = CA8AC8812447F1B300868F8C /* Project object */;
			proxyType = 1;
			remoteGlobalIDString = CA8AC8882447F1B300868F8C;
			remoteInfo = flix;
		};
		CA8AC8AB2447F1BC00868F8C /* PBXContainerItemProxy */ = {
			isa = PBXContainerItemProxy;
			containerPortal = CA8AC8812447F1B300868F8C /* Project object */;
			proxyType = 1;
			remoteGlobalIDString = CA8AC8882447F1B300868F8C;
			remoteInfo = flix;
		};
/* End PBXContainerItemProxy section */

/* Begin PBXFileReference section */
		03F52E225253B5C789954202 /* Pods-flixTests.debug.xcconfig */ = {isa = PBXFileReference; includeInIndex = 1; lastKnownFileType = text.xcconfig; name = "Pods-flixTests.debug.xcconfig"; path = "Target Support Files/Pods-flixTests/Pods-flixTests.debug.xcconfig"; sourceTree = "<group>"; };
		170C6DAFEE5FD758EE281A05 /* Pods-flixTests.release.xcconfig */ = {isa = PBXFileReference; includeInIndex = 1; lastKnownFileType = text.xcconfig; name = "Pods-flixTests.release.xcconfig"; path = "Target Support Files/Pods-flixTests/Pods-flixTests.release.xcconfig"; sourceTree = "<group>"; };
		60C68B570B7F050308D2BB1D /* Pods_flix_flixUITests.framework */ = {isa = PBXFileReference; explicitFileType = wrapper.framework; includeInIndex = 0; path = Pods_flix_flixUITests.framework; sourceTree = BUILT_PRODUCTS_DIR; };
		721274C4423CD8D437547132 /* Pods-flix.debug.xcconfig */ = {isa = PBXFileReference; includeInIndex = 1; lastKnownFileType = text.xcconfig; name = "Pods-flix.debug.xcconfig"; path = "Target Support Files/Pods-flix/Pods-flix.debug.xcconfig"; sourceTree = "<group>"; };
		765624FEE1B8383DD6C753AE /* Pods_flix.framework */ = {isa = PBXFileReference; explicitFileType = wrapper.framework; includeInIndex = 0; path = Pods_flix.framework; sourceTree = BUILT_PRODUCTS_DIR; };
		79C898A48B28CCAA70B253FC /* Pods-flix.release.xcconfig */ = {isa = PBXFileReference; includeInIndex = 1; lastKnownFileType = text.xcconfig; name = "Pods-flix.release.xcconfig"; path = "Target Support Files/Pods-flix/Pods-flix.release.xcconfig"; sourceTree = "<group>"; };
		7CD83F6B998489A20C3659CA /* Pods-flix-flixUITests.debug.xcconfig */ = {isa = PBXFileReference; includeInIndex = 1; lastKnownFileType = text.xcconfig; name = "Pods-flix-flixUITests.debug.xcconfig"; path = "Target Support Files/Pods-flix-flixUITests/Pods-flix-flixUITests.debug.xcconfig"; sourceTree = "<group>"; };
		AE6DA36E3C899474B706EF5B /* Pods_flixTests.framework */ = {isa = PBXFileReference; explicitFileType = wrapper.framework; includeInIndex = 0; path = Pods_flixTests.framework; sourceTree = BUILT_PRODUCTS_DIR; };
		CA8AC8892447F1B300868F8C /* flix.app */ = {isa = PBXFileReference; explicitFileType = wrapper.application; includeInIndex = 0; path = flix.app; sourceTree = BUILT_PRODUCTS_DIR; };
		CA8AC88C2447F1B400868F8C /* AppDelegate.swift */ = {isa = PBXFileReference; lastKnownFileType = sourcecode.swift; path = AppDelegate.swift; sourceTree = "<group>"; };
		CA8AC88E2447F1B400868F8C /* SceneDelegate.swift */ = {isa = PBXFileReference; lastKnownFileType = sourcecode.swift; path = SceneDelegate.swift; sourceTree = "<group>"; };
		CA8AC8932447F1B400868F8C /* Base */ = {isa = PBXFileReference; lastKnownFileType = file.storyboard; name = Base; path = Base.lproj/Main.storyboard; sourceTree = "<group>"; };
		CA8AC8952447F1BB00868F8C /* Assets.xcassets */ = {isa = PBXFileReference; lastKnownFileType = folder.assetcatalog; path = Assets.xcassets; sourceTree = "<group>"; };
		CA8AC8982447F1BB00868F8C /* Base */ = {isa = PBXFileReference; lastKnownFileType = file.storyboard; name = Base; path = Base.lproj/LaunchScreen.storyboard; sourceTree = "<group>"; };
		CA8AC89A2447F1BB00868F8C /* Info.plist */ = {isa = PBXFileReference; lastKnownFileType = text.plist.xml; path = Info.plist; sourceTree = "<group>"; };
		CA8AC89F2447F1BC00868F8C /* flixTests.xctest */ = {isa = PBXFileReference; explicitFileType = wrapper.cfbundle; includeInIndex = 0; path = flixTests.xctest; sourceTree = BUILT_PRODUCTS_DIR; };
		CA8AC8A32447F1BC00868F8C /* flixTests.swift */ = {isa = PBXFileReference; lastKnownFileType = sourcecode.swift; path = flixTests.swift; sourceTree = "<group>"; };
		CA8AC8A52447F1BC00868F8C /* Info.plist */ = {isa = PBXFileReference; lastKnownFileType = text.plist.xml; path = Info.plist; sourceTree = "<group>"; };
		CA8AC8AA2447F1BC00868F8C /* flixUITests.xctest */ = {isa = PBXFileReference; explicitFileType = wrapper.cfbundle; includeInIndex = 0; path = flixUITests.xctest; sourceTree = BUILT_PRODUCTS_DIR; };
		CA8AC8AE2447F1BD00868F8C /* flixUITests.swift */ = {isa = PBXFileReference; lastKnownFileType = sourcecode.swift; path = flixUITests.swift; sourceTree = "<group>"; };
		CA8AC8B02447F1BD00868F8C /* Info.plist */ = {isa = PBXFileReference; lastKnownFileType = text.plist.xml; path = Info.plist; sourceTree = "<group>"; };
		CA8AC8BC2447F6DC00868F8C /* MoviesViewController.swift */ = {isa = PBXFileReference; lastKnownFileType = sourcecode.swift; path = MoviesViewController.swift; sourceTree = "<group>"; };
		CA8AC8C024480C3A00868F8C /* MovieCell.swift */ = {isa = PBXFileReference; lastKnownFileType = sourcecode.swift; path = MovieCell.swift; sourceTree = "<group>"; };
		CADE6127244E802F005BECED /* MovieDetailsViewController.swift */ = {isa = PBXFileReference; lastKnownFileType = sourcecode.swift; path = MovieDetailsViewController.swift; sourceTree = "<group>"; };
		CADE6129244E9468005BECED /* MovieGridViewController.swift */ = {isa = PBXFileReference; lastKnownFileType = sourcecode.swift; path = MovieGridViewController.swift; sourceTree = "<group>"; };
		CCD41E1FF487819C5BEC5D3E /* Pods-flix-flixUITests.release.xcconfig */ = {isa = PBXFileReference; includeInIndex = 1; lastKnownFileType = text.xcconfig; name = "Pods-flix-flixUITests.release.xcconfig"; path = "Target Support Files/Pods-flix-flixUITests/Pods-flix-flixUITests.release.xcconfig"; sourceTree = "<group>"; };
/* End PBXFileReference section */

/* Begin PBXFrameworksBuildPhase section */
		CA8AC8862447F1B300868F8C /* Frameworks */ = {
			isa = PBXFrameworksBuildPhase;
			buildActionMask = 2147483647;
			files = (
				92115802FF020C7BDFEDC371 /* Pods_flix.framework in Frameworks */,
			);
			runOnlyForDeploymentPostprocessing = 0;
		};
		CA8AC89C2447F1BC00868F8C /* Frameworks */ = {
			isa = PBXFrameworksBuildPhase;
			buildActionMask = 2147483647;
			files = (
				92E1C570128C2A512CE1B255 /* Pods_flixTests.framework in Frameworks */,
			);
			runOnlyForDeploymentPostprocessing = 0;
		};
		CA8AC8A72447F1BC00868F8C /* Frameworks */ = {
			isa = PBXFrameworksBuildPhase;
			buildActionMask = 2147483647;
			files = (
				6EDB1F2060953B7E17BF09A3 /* Pods_flix_flixUITests.framework in Frameworks */,
			);
			runOnlyForDeploymentPostprocessing = 0;
		};
/* End PBXFrameworksBuildPhase section */

/* Begin PBXGroup section */
		63CF89B8A26C1474BBB7BDED /* Frameworks */ = {
			isa = PBXGroup;
			children = (
				765624FEE1B8383DD6C753AE /* Pods_flix.framework */,
				60C68B570B7F050308D2BB1D /* Pods_flix_flixUITests.framework */,
				AE6DA36E3C899474B706EF5B /* Pods_flixTests.framework */,
			);
			name = Frameworks;
			sourceTree = "<group>";
		};
		CA8AC8802447F1B300868F8C = {
			isa = PBXGroup;
			children = (
				CA8AC88B2447F1B300868F8C /* flix */,
				CA8AC8A22447F1BC00868F8C /* flixTests */,
				CA8AC8AD2447F1BC00868F8C /* flixUITests */,
				CA8AC88A2447F1B300868F8C /* Products */,
				FDC91435DB7AEF26F4E26931 /* Pods */,
				63CF89B8A26C1474BBB7BDED /* Frameworks */,
			);
			sourceTree = "<group>";
		};
		CA8AC88A2447F1B300868F8C /* Products */ = {
			isa = PBXGroup;
			children = (
				CA8AC8892447F1B300868F8C /* flix.app */,
				CA8AC89F2447F1BC00868F8C /* flixTests.xctest */,
				CA8AC8AA2447F1BC00868F8C /* flixUITests.xctest */,
			);
			name = Products;
			sourceTree = "<group>";
		};
		CA8AC88B2447F1B300868F8C /* flix */ = {
			isa = PBXGroup;
			children = (
				CA8AC88C2447F1B400868F8C /* AppDelegate.swift */,
				CA8AC88E2447F1B400868F8C /* SceneDelegate.swift */,
				CA8AC8922447F1B400868F8C /* Main.storyboard */,
				CA8AC8952447F1BB00868F8C /* Assets.xcassets */,
				CA8AC8972447F1BB00868F8C /* LaunchScreen.storyboard */,
				CA8AC89A2447F1BB00868F8C /* Info.plist */,
				CA8AC8BC2447F6DC00868F8C /* MoviesViewController.swift */,
				CA8AC8C024480C3A00868F8C /* MovieCell.swift */,
				CADE6127244E802F005BECED /* MovieDetailsViewController.swift */,
				CADE6129244E9468005BECED /* MovieGridViewController.swift */,
			);
			path = flix;
			sourceTree = "<group>";
		};
		CA8AC8A22447F1BC00868F8C /* flixTests */ = {
			isa = PBXGroup;
			children = (
				CA8AC8A32447F1BC00868F8C /* flixTests.swift */,
				CA8AC8A52447F1BC00868F8C /* Info.plist */,
			);
			path = flixTests;
			sourceTree = "<group>";
		};
		CA8AC8AD2447F1BC00868F8C /* flixUITests */ = {
			isa = PBXGroup;
			children = (
				CA8AC8AE2447F1BD00868F8C /* flixUITests.swift */,
				CA8AC8B02447F1BD00868F8C /* Info.plist */,
			);
			path = flixUITests;
			sourceTree = "<group>";
		};
		FDC91435DB7AEF26F4E26931 /* Pods */ = {
			isa = PBXGroup;
			children = (
				721274C4423CD8D437547132 /* Pods-flix.debug.xcconfig */,
				79C898A48B28CCAA70B253FC /* Pods-flix.release.xcconfig */,
				7CD83F6B998489A20C3659CA /* Pods-flix-flixUITests.debug.xcconfig */,
				CCD41E1FF487819C5BEC5D3E /* Pods-flix-flixUITests.release.xcconfig */,
				03F52E225253B5C789954202 /* Pods-flixTests.debug.xcconfig */,
				170C6DAFEE5FD758EE281A05 /* Pods-flixTests.release.xcconfig */,
			);
			path = Pods;
			sourceTree = "<group>";
		};
/* End PBXGroup section */

/* Begin PBXNativeTarget section */
		CA8AC8882447F1B300868F8C /* flix */ = {
			isa = PBXNativeTarget;
			buildConfigurationList = CA8AC8B32447F1BD00868F8C /* Build configuration list for PBXNativeTarget "flix" */;
			buildPhases = (
				99CE5152EC271FDF5CF9C39F /* [CP] Check Pods Manifest.lock */,
				CA8AC8852447F1B300868F8C /* Sources */,
				CA8AC8862447F1B300868F8C /* Frameworks */,
				CA8AC8872447F1B300868F8C /* Resources */,
				5EA470D219F035AD1AE2520D /* [CP] Embed Pods Frameworks */,
			);
			buildRules = (
			);
			dependencies = (
			);
			name = flix;
			productName = flix;
			productReference = CA8AC8892447F1B300868F8C /* flix.app */;
			productType = "com.apple.product-type.application";
		};
		CA8AC89E2447F1BC00868F8C /* flixTests */ = {
			isa = PBXNativeTarget;
			buildConfigurationList = CA8AC8B62447F1BD00868F8C /* Build configuration list for PBXNativeTarget "flixTests" */;
			buildPhases = (
				A1B5A735DAB7BE4609EC7374 /* [CP] Check Pods Manifest.lock */,
				CA8AC89B2447F1BC00868F8C /* Sources */,
				CA8AC89C2447F1BC00868F8C /* Frameworks */,
				CA8AC89D2447F1BC00868F8C /* Resources */,
			);
			buildRules = (
			);
			dependencies = (
				CA8AC8A12447F1BC00868F8C /* PBXTargetDependency */,
			);
			name = flixTests;
			productName = flixTests;
			productReference = CA8AC89F2447F1BC00868F8C /* flixTests.xctest */;
			productType = "com.apple.product-type.bundle.unit-test";
		};
		CA8AC8A92447F1BC00868F8C /* flixUITests */ = {
			isa = PBXNativeTarget;
			buildConfigurationList = CA8AC8B92447F1BD00868F8C /* Build configuration list for PBXNativeTarget "flixUITests" */;
			buildPhases = (
				23098E855CB735C00E3ED708 /* [CP] Check Pods Manifest.lock */,
				CA8AC8A62447F1BC00868F8C /* Sources */,
				CA8AC8A72447F1BC00868F8C /* Frameworks */,
				CA8AC8A82447F1BC00868F8C /* Resources */,
				2DA379CF248505252A834C44 /* [CP] Embed Pods Frameworks */,
			);
			buildRules = (
			);
			dependencies = (
				CA8AC8AC2447F1BC00868F8C /* PBXTargetDependency */,
			);
			name = flixUITests;
			productName = flixUITests;
			productReference = CA8AC8AA2447F1BC00868F8C /* flixUITests.xctest */;
			productType = "com.apple.product-type.bundle.ui-testing";
		};
/* End PBXNativeTarget section */

/* Begin PBXProject section */
		CA8AC8812447F1B300868F8C /* Project object */ = {
			isa = PBXProject;
			attributes = {
				LastSwiftUpdateCheck = 1140;
				LastUpgradeCheck = 1140;
				ORGANIZATIONNAME = ivygdy;
				TargetAttributes = {
					CA8AC8882447F1B300868F8C = {
						CreatedOnToolsVersion = 11.4;
					};
					CA8AC89E2447F1BC00868F8C = {
						CreatedOnToolsVersion = 11.4;
						TestTargetID = CA8AC8882447F1B300868F8C;
					};
					CA8AC8A92447F1BC00868F8C = {
						CreatedOnToolsVersion = 11.4;
						TestTargetID = CA8AC8882447F1B300868F8C;
					};
				};
			};
			buildConfigurationList = CA8AC8842447F1B300868F8C /* Build configuration list for PBXProject "flix" */;
			compatibilityVersion = "Xcode 9.3";
			developmentRegion = en;
			hasScannedForEncodings = 0;
			knownRegions = (
				en,
				Base,
			);
			mainGroup = CA8AC8802447F1B300868F8C;
			productRefGroup = CA8AC88A2447F1B300868F8C /* Products */;
			projectDirPath = "";
			projectRoot = "";
			targets = (
				CA8AC8882447F1B300868F8C /* flix */,
				CA8AC89E2447F1BC00868F8C /* flixTests */,
				CA8AC8A92447F1BC00868F8C /* flixUITests */,
			);
		};
/* End PBXProject section */

/* Begin PBXResourcesBuildPhase section */
		CA8AC8872447F1B300868F8C /* Resources */ = {
			isa = PBXResourcesBuildPhase;
			buildActionMask = 2147483647;
			files = (
				CA8AC8992447F1BB00868F8C /* LaunchScreen.storyboard in Resources */,
				CA8AC8962447F1BB00868F8C /* Assets.xcassets in Resources */,
				CA8AC8942447F1B400868F8C /* Main.storyboard in Resources */,
			);
			runOnlyForDeploymentPostprocessing = 0;
		};
		CA8AC89D2447F1BC00868F8C /* Resources */ = {
			isa = PBXResourcesBuildPhase;
			buildActionMask = 2147483647;
			files = (
			);
			runOnlyForDeploymentPostprocessing = 0;
		};
		CA8AC8A82447F1BC00868F8C /* Resources */ = {
			isa = PBXResourcesBuildPhase;
			buildActionMask = 2147483647;
			files = (
			);
			runOnlyForDeploymentPostprocessing = 0;
		};
/* End PBXResourcesBuildPhase section */

/* Begin PBXShellScriptBuildPhase section */
		23098E855CB735C00E3ED708 /* [CP] Check Pods Manifest.lock */ = {
			isa = PBXShellScriptBuildPhase;
			buildActionMask = 2147483647;
			files = (
			);
			inputFileListPaths = (
			);
			inputPaths = (
				"${PODS_PODFILE_DIR_PATH}/Podfile.lock",
				"${PODS_ROOT}/Manifest.lock",
			);
			name = "[CP] Check Pods Manifest.lock";
			outputFileListPaths = (
			);
			outputPaths = (
				"$(DERIVED_FILE_DIR)/Pods-flix-flixUITests-checkManifestLockResult.txt",
			);
			runOnlyForDeploymentPostprocessing = 0;
			shellPath = /bin/sh;
			shellScript = "diff \"${PODS_PODFILE_DIR_PATH}/Podfile.lock\" \"${PODS_ROOT}/Manifest.lock\" > /dev/null\nif [ $? != 0 ] ; then\n    # print error to STDERR\n    echo \"error: The sandbox is not in sync with the Podfile.lock. Run 'pod install' or update your CocoaPods installation.\" >&2\n    exit 1\nfi\n# This output is used by Xcode 'outputs' to avoid re-running this script phase.\necho \"SUCCESS\" > \"${SCRIPT_OUTPUT_FILE_0}\"\n";
			showEnvVarsInLog = 0;
		};
		2DA379CF248505252A834C44 /* [CP] Embed Pods Frameworks */ = {
			isa = PBXShellScriptBuildPhase;
			buildActionMask = 2147483647;
			files = (
			);
			inputFileListPaths = (
				"${PODS_ROOT}/Target Support Files/Pods-flix-flixUITests/Pods-flix-flixUITests-frameworks-${CONFIGURATION}-input-files.xcfilelist",
			);
			name = "[CP] Embed Pods Frameworks";
			outputFileListPaths = (
				"${PODS_ROOT}/Target Support Files/Pods-flix-flixUITests/Pods-flix-flixUITests-frameworks-${CONFIGURATION}-output-files.xcfilelist",
			);
			runOnlyForDeploymentPostprocessing = 0;
			shellPath = /bin/sh;
			shellScript = "\"${PODS_ROOT}/Target Support Files/Pods-flix-flixUITests/Pods-flix-flixUITests-frameworks.sh\"\n";
			showEnvVarsInLog = 0;
		};
		5EA470D219F035AD1AE2520D /* [CP] Embed Pods Frameworks */ = {
			isa = PBXShellScriptBuildPhase;
			buildActionMask = 2147483647;
			files = (
			);
			inputFileListPaths = (
				"${PODS_ROOT}/Target Support Files/Pods-flix/Pods-flix-frameworks-${CONFIGURATION}-input-files.xcfilelist",
			);
			name = "[CP] Embed Pods Frameworks";
			outputFileListPaths = (
				"${PODS_ROOT}/Target Support Files/Pods-flix/Pods-flix-frameworks-${CONFIGURATION}-output-files.xcfilelist",
			);
			runOnlyForDeploymentPostprocessing = 0;
			shellPath = /bin/sh;
			shellScript = "\"${PODS_ROOT}/Target Support Files/Pods-flix/Pods-flix-frameworks.sh\"\n";
			showEnvVarsInLog = 0;
		};
		99CE5152EC271FDF5CF9C39F /* [CP] Check Pods Manifest.lock */ = {
			isa = PBXShellScriptBuildPhase;
			buildActionMask = 2147483647;
			files = (
			);
			inputFileListPaths = (
			);
			inputPaths = (
				"${PODS_PODFILE_DIR_PATH}/Podfile.lock",
				"${PODS_ROOT}/Manifest.lock",
			);
			name = "[CP] Check Pods Manifest.lock";
			outputFileListPaths = (
			);
			outputPaths = (
				"$(DERIVED_FILE_DIR)/Pods-flix-checkManifestLockResult.txt",
			);
			runOnlyForDeploymentPostprocessing = 0;
			shellPath = /bin/sh;
			shellScript = "diff \"${PODS_PODFILE_DIR_PATH}/Podfile.lock\" \"${PODS_ROOT}/Manifest.lock\" > /dev/null\nif [ $? != 0 ] ; then\n    # print error to STDERR\n    echo \"error: The sandbox is not in sync with the Podfile.lock. Run 'pod install' or update your CocoaPods installation.\" >&2\n    exit 1\nfi\n# This output is used by Xcode 'outputs' to avoid re-running this script phase.\necho \"SUCCESS\" > \"${SCRIPT_OUTPUT_FILE_0}\"\n";
			showEnvVarsInLog = 0;
		};
		A1B5A735DAB7BE4609EC7374 /* [CP] Check Pods Manifest.lock */ = {
			isa = PBXShellScriptBuildPhase;
			buildActionMask = 2147483647;
			files = (
			);
			inputFileListPaths = (
			);
			inputPaths = (
				"${PODS_PODFILE_DIR_PATH}/Podfile.lock",
				"${PODS_ROOT}/Manifest.lock",
			);
			name = "[CP] Check Pods Manifest.lock";
			outputFileListPaths = (
			);
			outputPaths = (
				"$(DERIVED_FILE_DIR)/Pods-flixTests-checkManifestLockResult.txt",
			);
			runOnlyForDeploymentPostprocessing = 0;
			shellPath = /bin/sh;
			shellScript = "diff \"${PODS_PODFILE_DIR_PATH}/Podfile.lock\" \"${PODS_ROOT}/Manifest.lock\" > /dev/null\nif [ $? != 0 ] ; then\n    # print error to STDERR\n    echo \"error: The sandbox is not in sync with the Podfile.lock. Run 'pod install' or update your CocoaPods installation.\" >&2\n    exit 1\nfi\n# This output is used by Xcode 'outputs' to avoid re-running this script phase.\necho \"SUCCESS\" > \"${SCRIPT_OUTPUT_FILE_0}\"\n";
			showEnvVarsInLog = 0;
		};
/* End PBXShellScriptBuildPhase section */

/* Begin PBXSourcesBuildPhase section */
		CA8AC8852447F1B300868F8C /* Sources */ = {
			isa = PBXSourcesBuildPhase;
			buildActionMask = 2147483647;
			files = (
				CADE6128244E802F005BECED /* MovieDetailsViewController.swift in Sources */,
				CA8AC88D2447F1B400868F8C /* AppDelegate.swift in Sources */,
				CA8AC88F2447F1B400868F8C /* SceneDelegate.swift in Sources */,
				CA8AC8C124480C3A00868F8C /* MovieCell.swift in Sources */,
				CA8AC8BD2447F6DC00868F8C /* MoviesViewController.swift in Sources */,
				CADE612A244E9468005BECED /* MovieGridViewController.swift in Sources */,
			);
			runOnlyForDeploymentPostprocessing = 0;
		};
		CA8AC89B2447F1BC00868F8C /* Sources */ = {
			isa = PBXSourcesBuildPhase;
			buildActionMask = 2147483647;
			files = (
				CA8AC8A42447F1BC00868F8C /* flixTests.swift in Sources */,
			);
			runOnlyForDeploymentPostprocessing = 0;
		};
		CA8AC8A62447F1BC00868F8C /* Sources */ = {
			isa = PBXSourcesBuildPhase;
			buildActionMask = 2147483647;
			files = (
				CA8AC8AF2447F1BD00868F8C /* flixUITests.swift in Sources */,
			);
			runOnlyForDeploymentPostprocessing = 0;
		};
/* End PBXSourcesBuildPhase section */

/* Begin PBXTargetDependency section */
		CA8AC8A12447F1BC00868F8C /* PBXTargetDependency */ = {
			isa = PBXTargetDependency;
			target = CA8AC8882447F1B300868F8C /* flix */;
			targetProxy = CA8AC8A02447F1BC00868F8C /* PBXContainerItemProxy */;
		};
		CA8AC8AC2447F1BC00868F8C /* PBXTargetDependency */ = {
			isa = PBXTargetDependency;
			target = CA8AC8882447F1B300868F8C /* flix */;
			targetProxy = CA8AC8AB2447F1BC00868F8C /* PBXContainerItemProxy */;
		};
/* End PBXTargetDependency section */

/* Begin PBXVariantGroup section */
		CA8AC8922447F1B400868F8C /* Main.storyboard */ = {
			isa = PBXVariantGroup;
			children = (
				CA8AC8932447F1B400868F8C /* Base */,
			);
			name = Main.storyboard;
			sourceTree = "<group>";
		};
		CA8AC8972447F1BB00868F8C /* LaunchScreen.storyboard */ = {
			isa = PBXVariantGroup;
			children = (
				CA8AC8982447F1BB00868F8C /* Base */,
			);
			name = LaunchScreen.storyboard;
			sourceTree = "<group>";
		};
/* End PBXVariantGroup section */

/* Begin XCBuildConfiguration section */
		CA8AC8B12447F1BD00868F8C /* Debug */ = {
			isa = XCBuildConfiguration;
			buildSettings = {
				ALWAYS_SEARCH_USER_PATHS = NO;
				CLANG_ANALYZER_NONNULL = YES;
				CLANG_ANALYZER_NUMBER_OBJECT_CONVERSION = YES_AGGRESSIVE;
				CLANG_CXX_LANGUAGE_STANDARD = "gnu++14";
				CLANG_CXX_LIBRARY = "libc++";
				CLANG_ENABLE_MODULES = YES;
				CLANG_ENABLE_OBJC_ARC = YES;
				CLANG_ENABLE_OBJC_WEAK = YES;
				CLANG_WARN_BLOCK_CAPTURE_AUTORELEASING = YES;
				CLANG_WARN_BOOL_CONVERSION = YES;
				CLANG_WARN_COMMA = YES;
				CLANG_WARN_CONSTANT_CONVERSION = YES;
				CLANG_WARN_DEPRECATED_OBJC_IMPLEMENTATIONS = YES;
				CLANG_WARN_DIRECT_OBJC_ISA_USAGE = YES_ERROR;
				CLANG_WARN_DOCUMENTATION_COMMENTS = YES;
				CLANG_WARN_EMPTY_BODY = YES;
				CLANG_WARN_ENUM_CONVERSION = YES;
				CLANG_WARN_INFINITE_RECURSION = YES;
				CLANG_WARN_INT_CONVERSION = YES;
				CLANG_WARN_NON_LITERAL_NULL_CONVERSION = YES;
				CLANG_WARN_OBJC_IMPLICIT_RETAIN_SELF = YES;
				CLANG_WARN_OBJC_LITERAL_CONVERSION = YES;
				CLANG_WARN_OBJC_ROOT_CLASS = YES_ERROR;
				CLANG_WARN_RANGE_LOOP_ANALYSIS = YES;
				CLANG_WARN_STRICT_PROTOTYPES = YES;
				CLANG_WARN_SUSPICIOUS_MOVE = YES;
				CLANG_WARN_UNGUARDED_AVAILABILITY = YES_AGGRESSIVE;
				CLANG_WARN_UNREACHABLE_CODE = YES;
				CLANG_WARN__DUPLICATE_METHOD_MATCH = YES;
				COPY_PHASE_STRIP = NO;
				DEBUG_INFORMATION_FORMAT = dwarf;
				ENABLE_STRICT_OBJC_MSGSEND = YES;
				ENABLE_TESTABILITY = YES;
				GCC_C_LANGUAGE_STANDARD = gnu11;
				GCC_DYNAMIC_NO_PIC = NO;
				GCC_NO_COMMON_BLOCKS = YES;
				GCC_OPTIMIZATION_LEVEL = 0;
				GCC_PREPROCESSOR_DEFINITIONS = (
					"DEBUG=1",
					"$(inherited)",
				);
				GCC_WARN_64_TO_32_BIT_CONVERSION = YES;
				GCC_WARN_ABOUT_RETURN_TYPE = YES_ERROR;
				GCC_WARN_UNDECLARED_SELECTOR = YES;
				GCC_WARN_UNINITIALIZED_AUTOS = YES_AGGRESSIVE;
				GCC_WARN_UNUSED_FUNCTION = YES;
				GCC_WARN_UNUSED_VARIABLE = YES;
				IPHONEOS_DEPLOYMENT_TARGET = 13.4;
				MTL_ENABLE_DEBUG_INFO = INCLUDE_SOURCE;
				MTL_FAST_MATH = YES;
				ONLY_ACTIVE_ARCH = YES;
				SDKROOT = iphoneos;
				SWIFT_ACTIVE_COMPILATION_CONDITIONS = DEBUG;
				SWIFT_OPTIMIZATION_LEVEL = "-Onone";
			};
			name = Debug;
		};
		CA8AC8B22447F1BD00868F8C /* Release */ = {
			isa = XCBuildConfiguration;
			buildSettings = {
				ALWAYS_SEARCH_USER_PATHS = NO;
				CLANG_ANALYZER_NONNULL = YES;
				CLANG_ANALYZER_NUMBER_OBJECT_CONVERSION = YES_AGGRESSIVE;
				CLANG_CXX_LANGUAGE_STANDARD = "gnu++14";
				CLANG_CXX_LIBRARY = "libc++";
				CLANG_ENABLE_MODULES = YES;
				CLANG_ENABLE_OBJC_ARC = YES;
				CLANG_ENABLE_OBJC_WEAK = YES;
				CLANG_WARN_BLOCK_CAPTURE_AUTORELEASING = YES;
				CLANG_WARN_BOOL_CONVERSION = YES;
				CLANG_WARN_COMMA = YES;
				CLANG_WARN_CONSTANT_CONVERSION = YES;
				CLANG_WARN_DEPRECATED_OBJC_IMPLEMENTATIONS = YES;
				CLANG_WARN_DIRECT_OBJC_ISA_USAGE = YES_ERROR;
				CLANG_WARN_DOCUMENTATION_COMMENTS = YES;
				CLANG_WARN_EMPTY_BODY = YES;
				CLANG_WARN_ENUM_CONVERSION = YES;
				CLANG_WARN_INFINITE_RECURSION = YES;
				CLANG_WARN_INT_CONVERSION = YES;
				CLANG_WARN_NON_LITERAL_NULL_CONVERSION = YES;
				CLANG_WARN_OBJC_IMPLICIT_RETAIN_SELF = YES;
				CLANG_WARN_OBJC_LITERAL_CONVERSION = YES;
				CLANG_WARN_OBJC_ROOT_CLASS = YES_ERROR;
				CLANG_WARN_RANGE_LOOP_ANALYSIS = YES;
				CLANG_WARN_STRICT_PROTOTYPES = YES;
				CLANG_WARN_SUSPICIOUS_MOVE = YES;
				CLANG_WARN_UNGUARDED_AVAILABILITY = YES_AGGRESSIVE;
				CLANG_WARN_UNREACHABLE_CODE = YES;
				CLANG_WARN__DUPLICATE_METHOD_MATCH = YES;
				COPY_PHASE_STRIP = NO;
				DEBUG_INFORMATION_FORMAT = "dwarf-with-dsym";
				ENABLE_NS_ASSERTIONS = NO;
				ENABLE_STRICT_OBJC_MSGSEND = YES;
				GCC_C_LANGUAGE_STANDARD = gnu11;
				GCC_NO_COMMON_BLOCKS = YES;
				GCC_WARN_64_TO_32_BIT_CONVERSION = YES;
				GCC_WARN_ABOUT_RETURN_TYPE = YES_ERROR;
				GCC_WARN_UNDECLARED_SELECTOR = YES;
				GCC_WARN_UNINITIALIZED_AUTOS = YES_AGGRESSIVE;
				GCC_WARN_UNUSED_FUNCTION = YES;
				GCC_WARN_UNUSED_VARIABLE = YES;
				IPHONEOS_DEPLOYMENT_TARGET = 13.4;
				MTL_ENABLE_DEBUG_INFO = NO;
				MTL_FAST_MATH = YES;
				SDKROOT = iphoneos;
				SWIFT_COMPILATION_MODE = wholemodule;
				SWIFT_OPTIMIZATION_LEVEL = "-O";
				VALIDATE_PRODUCT = YES;
			};
			name = Release;
		};
		CA8AC8B42447F1BD00868F8C /* Debug */ = {
			isa = XCBuildConfiguration;
			baseConfigurationReference = 721274C4423CD8D437547132 /* Pods-flix.debug.xcconfig */;
			buildSettings = {
				ASSETCATALOG_COMPILER_APPICON_NAME = AppIcon;
				CODE_SIGN_STYLE = Automatic;
				INFOPLIST_FILE = flix/Info.plist;
				LD_RUNPATH_SEARCH_PATHS = (
					"$(inherited)",
					"@executable_path/Frameworks",
				);
				PRODUCT_BUNDLE_IDENTIFIER = "ivygdy-gmail.com.flix";
				PRODUCT_NAME = "$(TARGET_NAME)";
				SWIFT_VERSION = 5.0;
				TARGETED_DEVICE_FAMILY = "1,2";
			};
			name = Debug;
		};
		CA8AC8B52447F1BD00868F8C /* Release */ = {
			isa = XCBuildConfiguration;
			baseConfigurationReference = 79C898A48B28CCAA70B253FC /* Pods-flix.release.xcconfig */;
			buildSettings = {
				ASSETCATALOG_COMPILER_APPICON_NAME = AppIcon;
				CODE_SIGN_STYLE = Automatic;
				INFOPLIST_FILE = flix/Info.plist;
				LD_RUNPATH_SEARCH_PATHS = (
					"$(inherited)",
					"@executable_path/Frameworks",
				);
				PRODUCT_BUNDLE_IDENTIFIER = "ivygdy-gmail.com.flix";
				PRODUCT_NAME = "$(TARGET_NAME)";
				SWIFT_VERSION = 5.0;
				TARGETED_DEVICE_FAMILY = "1,2";
			};
			name = Release;
		};
		CA8AC8B72447F1BD00868F8C /* Debug */ = {
			isa = XCBuildConfiguration;
			baseConfigurationReference = 03F52E225253B5C789954202 /* Pods-flixTests.debug.xcconfig */;
			buildSettings = {
				ALWAYS_EMBED_SWIFT_STANDARD_LIBRARIES = YES;
				BUNDLE_LOADER = "$(TEST_HOST)";
				CODE_SIGN_STYLE = Automatic;
				INFOPLIST_FILE = flixTests/Info.plist;
				IPHONEOS_DEPLOYMENT_TARGET = 13.4;
				LD_RUNPATH_SEARCH_PATHS = (
					"$(inherited)",
					"@executable_path/Frameworks",
					"@loader_path/Frameworks",
				);
				PRODUCT_BUNDLE_IDENTIFIER = "ivygdy-gmail.com.flixTests";
				PRODUCT_NAME = "$(TARGET_NAME)";
				SWIFT_VERSION = 5.0;
				TARGETED_DEVICE_FAMILY = "1,2";
				TEST_HOST = "$(BUILT_PRODUCTS_DIR)/flix.app/flix";
			};
			name = Debug;
		};
		CA8AC8B82447F1BD00868F8C /* Release */ = {
			isa = XCBuildConfiguration;
			baseConfigurationReference = 170C6DAFEE5FD758EE281A05 /* Pods-flixTests.release.xcconfig */;
			buildSettings = {
				ALWAYS_EMBED_SWIFT_STANDARD_LIBRARIES = YES;
				BUNDLE_LOADER = "$(TEST_HOST)";
				CODE_SIGN_STYLE = Automatic;
				INFOPLIST_FILE = flixTests/Info.plist;
				IPHONEOS_DEPLOYMENT_TARGET = 13.4;
				LD_RUNPATH_SEARCH_PATHS = (
					"$(inherited)",
					"@executable_path/Frameworks",
					"@loader_path/Frameworks",
				);
				PRODUCT_BUNDLE_IDENTIFIER = "ivygdy-gmail.com.flixTests";
				PRODUCT_NAME = "$(TARGET_NAME)";
				SWIFT_VERSION = 5.0;
				TARGETED_DEVICE_FAMILY = "1,2";
				TEST_HOST = "$(BUILT_PRODUCTS_DIR)/flix.app/flix";
			};
			name = Release;
		};
		CA8AC8BA2447F1BD00868F8C /* Debug */ = {
			isa = XCBuildConfiguration;
			baseConfigurationReference = 7CD83F6B998489A20C3659CA /* Pods-flix-flixUITests.debug.xcconfig */;
			buildSettings = {
				ALWAYS_EMBED_SWIFT_STANDARD_LIBRARIES = YES;
				CODE_SIGN_STYLE = Automatic;
				INFOPLIST_FILE = flixUITests/Info.plist;
				LD_RUNPATH_SEARCH_PATHS = (
					"$(inherited)",
					"@executable_path/Frameworks",
					"@loader_path/Frameworks",
				);
				PRODUCT_BUNDLE_IDENTIFIER = "ivygdy-gmail.com.flixUITests";
				PRODUCT_NAME = "$(TARGET_NAME)";
				SWIFT_VERSION = 5.0;
				TARGETED_DEVICE_FAMILY = "1,2";
				TEST_TARGET_NAME = flix;
			};
			name = Debug;
		};
		CA8AC8BB2447F1BD00868F8C /* Release */ = {
			isa = XCBuildConfiguration;
			baseConfigurationReference = CCD41E1FF487819C5BEC5D3E /* Pods-flix-flixUITests.release.xcconfig */;
			buildSettings = {
				ALWAYS_EMBED_SWIFT_STANDARD_LIBRARIES = YES;
				CODE_SIGN_STYLE = Automatic;
				INFOPLIST_FILE = flixUITests/Info.plist;
				LD_RUNPATH_SEARCH_PATHS = (
					"$(inherited)",
					"@executable_path/Frameworks",
					"@loader_path/Frameworks",
				);
				PRODUCT_BUNDLE_IDENTIFIER = "ivygdy-gmail.com.flixUITests";
				PRODUCT_NAME = "$(TARGET_NAME)";
				SWIFT_VERSION = 5.0;
				TARGETED_DEVICE_FAMILY = "1,2";
				TEST_TARGET_NAME = flix;
			};
			name = Release;
		};
/* End XCBuildConfiguration section */

/* Begin XCConfigurationList section */
		CA8AC8842447F1B300868F8C /* Build configuration list for PBXProject "flix" */ = {
			isa = XCConfigurationList;
			buildConfigurations = (
				CA8AC8B12447F1BD00868F8C /* Debug */,
				CA8AC8B22447F1BD00868F8C /* Release */,
			);
			defaultConfigurationIsVisible = 0;
			defaultConfigurationName = Release;
		};
		CA8AC8B32447F1BD00868F8C /* Build configuration list for PBXNativeTarget "flix" */ = {
			isa = XCConfigurationList;
			buildConfigurations = (
				CA8AC8B42447F1BD00868F8C /* Debug */,
				CA8AC8B52447F1BD00868F8C /* Release */,
			);
			defaultConfigurationIsVisible = 0;
			defaultConfigurationName = Release;
		};
		CA8AC8B62447F1BD00868F8C /* Build configuration list for PBXNativeTarget "flixTests" */ = {
			isa = XCConfigurationList;
			buildConfigurations = (
				CA8AC8B72447F1BD00868F8C /* Debug */,
				CA8AC8B82447F1BD00868F8C /* Release */,
			);
			defaultConfigurationIsVisible = 0;
			defaultConfigurationName = Release;
		};
		CA8AC8B92447F1BD00868F8C /* Build configuration list for PBXNativeTarget "flixUITests" */ = {
			isa = XCConfigurationList;
			buildConfigurations = (
				CA8AC8BA2447F1BD00868F8C /* Debug */,
				CA8AC8BB2447F1BD00868F8C /* Release */,
			);
			defaultConfigurationIsVisible = 0;
			defaultConfigurationName = Release;
		};
/* End XCConfigurationList section */
	};
	rootObject = CA8AC8812447F1B300868F8C /* Project object */;
}
